
Microsoft Visual Studio Solution File, Format Version 12.00
# Visual Studio Version 17
VisualStudioVersion = 17.0.31903.59
MinimumVisualStudioVersion = 10.0.40219.1
Project("{FAE04EC0-301F-11D3-BF4B-00C04F79EFBC}") = "FizzBuzz", "FizzBuzz\FizzBuzz.csproj", "{9B567A7E-40F8-4B11-B8AC-FF875862FB8D}"
EndProject
Project("{FAE04EC0-301F-11D3-BF4B-00C04F79EFBC}") = "FizzBuzzTests", "FizzBuzzTests\FizzBuzzTests.csproj", "{B85C7B52-8632-46CE-9D5A-9AAC1A88297A}"
EndProject
Global
	GlobalSection(SolutionConfigurationPlatforms) = preSolution
		Debug|Any CPU = Debug|Any CPU
		Release|Any CPU = Release|Any CPU
	EndGlobalSection
	GlobalSection(SolutionProperties) = preSolution
		HideSolutionNode = FALSE
	EndGlobalSection
	GlobalSection(ProjectConfigurationPlatforms) = postSolution
		{9B567A7E-40F8-4B11-B8AC-FF875862FB8D}.Debug|Any CPU.ActiveCfg = Debug|Any CPU
		{9B567A7E-40F8-4B11-B8AC-FF875862FB8D}.Debug|Any CPU.Build.0 = Debug|Any CPU
		{9B567A7E-40F8-4B11-B8AC-FF875862FB8D}.Release|Any CPU.ActiveCfg = Release|Any CPU
		{9B567A7E-40F8-4B11-B8AC-FF875862FB8D}.Release|Any CPU.Build.0 = Release|Any CPU
		{B85C7B52-8632-46CE-9D5A-9AAC1A88297A}.Debug|Any CPU.ActiveCfg = Debug|Any CPU
		{B85C7B52-8632-46CE-9D5A-9AAC1A88297A}.Debug|Any CPU.Build.0 = Debug|Any CPU
		{B85C7B52-8632-46CE-9D5A-9AAC1A88297A}.Release|Any CPU.ActiveCfg = Release|Any CPU
		{B85C7B52-8632-46CE-9D5A-9AAC1A88297A}.Release|Any CPU.Build.0 = Release|Any CPU
	EndGlobalSection
EndGlobal
